version = 1
revision = 3
requires-python = ">=3.13"

[[package]]
name = "distributed-task-executor"
version = "0.1.0"
source = { editable = "." }
dependencies = [
    { name = "fakeredis" },
]

[package.metadata]
requires-dist = [{ name = "fakeredis", specifier = ">=2.37.1" }]

[[package]]
name = "fakeredis"
version = "2.37.1"
source = { registry = "https://pypi.org/simple" }
dependencies = [
    { name = "redis" },
    { name = "sortedcontainers" },
]
sdist = { url = "https://files.pythonhosted.org/packages/95/5e/fce3355d20d37dc18f7f4c422653ac69cabffa019afaaf607e26704fb829/fakeredis-2.37.1.tar.gz", hash = "sha256:9045851b0a9fe56312696aadc82435141aa43a193cab462d372c8fb583a7c087", size = 238182, upload-time = "2026-08-18T15:22:01.676Z" }
wheels = [
    { url = "https://files.pythonhosted.org/packages/7b/e0/fe1c760abd9e9cb5dfbce057b6582cb1ac36dfd8b5ce202e1445605c922d/fakeredis-2.37.1-py3-none-any.whl", hash = "sha256:f15c41be151c1e9206416dece764369a4dedb6b1341df3734c3c2c000e405508", size = 152738, upload-time = "2026-08-18T15:22:00.1Z" },
]

[[package]]
name = "redis"
version = "8.1.0"
source = { registry = "https://pypi.org/simple" }
sdist = { url = "https://files.pythonhosted.org/packages/a8/99/604f0b666d4c616d891cf77ebb9db6bb21601344c051aebf1b72b9ff915f/redis-8.1.0.tar.gz", hash = "sha256:6e1a19beef9225c83efd689c7e6b7da2d5215b1f42cd13b7fc3714d0a09c7b25", size = 5254356, upload-time = "2026-07-30T08:51:00.269Z" }
wheels = [
    { url = "https://files.pythonhosted.org/packages/66/9d/c5731f6e3608663d4d3656fd8d3aecee8b509c3082818f5a13eae925baea/redis-8.1.0-py3-none-any.whl", hash = "sha256:a4fe1aac3d3b3cc791d4b3d5931c5a956045dc951ee74d1c913ee3ac4d2ee9fb", size = 560618, upload-time = "2026-07-30T08:50:58.497Z" },
]

[[package]]
name = "sortedcontainers"
version = "2.4.0"
source = { registry = "https://pypi.org/simple" }
sdist = { url = "https://files.pythonhosted.org/packages/e8/c4/ba2f8066cceb6f23394729afe52f3bf7adec04bf9ed2c820b39e19299111/sortedcontainers-2.4.0.tar.gz", hash = "sha256:25caa5a06cc30b6b83d11423433f65d1f9d76c4c6a0c90e3379eaa43b9bfdb88", size = 30594, upload-time = "2021-05-16T22:03:42.897Z" }
wheels = [
    { url = "https://files.pythonhosted.org/packages/32/46/9cb0e58b2deb7f82b84065f37f3bffeb12413f947f9388e4cac22c4621ce/sortedcontainers-2.4.0-py2.py3-none-any.whl", hash = "sha256:a163dcaede0f1c021485e957a39245190e74249897e2ae4b2aa38595db237ee0", size = 29575, upload-time = "2021-05-16T22:03:41.177Z" },
]
